// !$*UTF8*$!
{
	archiveVersion = 1;
	classes = {
	};
	objectVersion = 46;
	objects = {

/* Begin PBXBuildFile section */
		3BA15AD11BE865B000B3D78D /* AppDelegate.swift in Sources */ = {isa = PBXBuildFile; fileRef = 3BA15AD01BE865B000B3D78D /* AppDelegate.swift */; };
		3BA15AD31BE865B000B3D78D /* ViewController.swift in Sources */ = {isa = PBXBuildFile; fileRef = 3BA15AD21BE865B000B3D78D /* ViewController.swift */; };
		3BA15AD61BE865B000B3D78D /* Main.storyboard in Resources */ = {isa = PBXBuildFile; fileRef = 3BA15AD41BE865B000B3D78D /* Main.storyboard */; };
		3BA15AD81BE865B000B3D78D /* Assets.xcassets in Resources */ = {isa = PBXBuildFile; fileRef = 3BA15AD71BE865B000B3D78D /* Assets.xcassets */; };
		3BA15ADB1BE865B000B3D78D /* LaunchScreen.storyboard in Resources */ = {isa = PBXBuildFile; fileRef = 3BA15AD91BE865B000B3D78D /* LaunchScreen.storyboard */; };
		3BA15AE61BE865B000B3D78D /* blinkTests.swift in Sources */ = {isa = PBXBuildFile; fileRef = 3BA15AE51BE865B000B3D78D /* blinkTests.swift */; };
		3BA15AF11BE865B000B3D78D /* blinkUITests.swift in Sources */ = {isa = PBXBuildFile; fileRef = 3BA15AF01BE865B000B3D78D /* blinkUITests.swift */; };
/* End PBXBuildFile section */

/* Begin PBXContainerItemProxy section */
		3BA15AE21BE865B000B3D78D /* PBXContainerItemProxy */ = {
			isa = PBXContainerItemProxy;
			containerPortal = 3BA15AC51BE865B000B3D78D /* Project object */;
			proxyType = 1;
			remoteGlobalIDString = 3BA15ACC1BE865B000B3D78D;
			remoteInfo = blink;
		};
		3BA15AED1BE865B000B3D78D /* PBXContainerItemProxy */ = {
			isa = PBXContainerItemProxy;
			containerPortal = 3BA15AC51BE865B000B3D78D /* Project object */;
			proxyType = 1;
			remoteGlobalIDString = 3BA15ACC1BE865B000B3D78D;
			remoteInfo = blink;
		};
/* End PBXContainerItemProxy section */

/* Begin PBXFileReference section */
		3BA15ACD1BE865B000B3D78D /* blink.app */ = {isa = PBXFileReference; explicitFileType = wrapper.application; includeInIndex = 0; path = blink.app; sourceTree = BUILT_PRODUCTS_DIR; };
		3BA15AD01BE865B000B3D78D /* AppDelegate.swift */ = {isa = PBXFileReference; lastKnownFileType = sourcecode.swift; path = AppDelegate.swift; sourceTree = "<group>"; };
		3BA15AD21BE865B000B3D78D /* ViewController.swift */ = {isa = PBXFileReference; lastKnownFileType = sourcecode.swift; path = ViewController.swift; sourceTree = "<group>"; };
		3BA15AD51BE865B000B3D78D /* Base */ = {isa = PBXFileReference; lastKnownFileType = file.storyboard; name = Base; path = Base.lproj/Main.storyboard; sourceTree = "<group>"; };
		3BA15AD71BE865B000B3D78D /* Assets.xcassets */ = {isa = PBXFileReference; lastKnownFileType = folder.assetcatalog; path = Assets.xcassets; sourceTree = "<group>"; };
		3BA15ADA1BE865B000B3D78D /* Base */ = {isa = PBXFileReference; lastKnownFileType = file.storyboard; name = Base; path = Base.lproj/LaunchScreen.storyboard; sourceTree = "<group>"; };
		3BA15ADC1BE865B000B3D78D /* Info.plist */ = {isa = PBXFileReference; lastKnownFileType = text.plist.xml; path = Info.plist; sourceTree = "<group>"; };
		3BA15AE11BE865B000B3D78D /* blinkTests.xctest */ = {isa = PBXFileReference; explicitFileType = wrapper.cfbundle; includeInIndex = 0; path = blinkTests.xctest; sourceTree = BUILT_PRODUCTS_DIR; };
		3BA15AE51BE865B000B3D78D /* blinkTests.swift */ = {isa = PBXFileReference; lastKnownFileType = sourcecode.swift; path = blinkTests.swift; sourceTree = "<group>"; };
		3BA15AE71BE865B000B3D78D /* Info.plist */ = {isa = PBXFileReference; lastKnownFileType = text.plist.xml; path = Info.plist; sourceTree = "<group>"; };
		3BA15AEC1BE865B000B3D78D /* blinkUITests.xctest */ = {isa = PBXFileReference; explicitFileType = wrapper.cfbundle; includeInIndex = 0; path = blinkUITests.xctest; sourceTree = BUILT_PRODUCTS_DIR; };
		3BA15AF01BE865B000B3D78D /* blinkUITests.swift */ = {isa = PBXFileReference; lastKnownFileType = sourcecode.swift; path = blinkUITests.swift; sourceTree = "<group>"; };
		3BA15AF21BE865B000B3D78D /* Info.plist */ = {isa = PBXFileReference; lastKnownFileType = text.plist.xml; path = Info.plist; sourceTree = "<group>"; };
/* End PBXFileReference section */

/* Begin PBXFrameworksBuildPhase section */
		3BA15ACA1BE865B000B3D78D /* Frameworks */ = {
			isa = PBXFrameworksBuildPhase;
			buildActionMask = 2147483647;
			files = (
			);
			runOnlyForDeploymentPostprocessing = 0;
		};
		3BA15ADE1BE865B000B3D78D /* Frameworks */ = {
			isa = PBXFrameworksBuildPhase;
			buildActionMask = 2147483647;
			files = (
			);
			runOnlyForDeploymentPostprocessing = 0;
		};
		3BA15AE91BE865B000B3D78D /* Frameworks */ = {
			isa = PBXFrameworksBuildPhase;
			buildActionMask = 2147483647;
			files = (
			);
			runOnlyForDeploymentPostprocessing = 0;
		};
/* End PBXFrameworksBuildPhase section */

/* Begin PBXGroup section */
		3BA15AC41BE865B000B3D78D = {
			isa = PBXGroup;
			children = (
				3BA15ACF1BE865B000B3D78D /* blink */,
				3BA15AE41BE865B000B3D78D /* blinkTests */,
				3BA15AEF1BE865B000B3D78D /* blinkUITests */,
				3BA15ACE1BE865B000B3D78D /* Products */,
			);
			sourceTree = "<group>";
		};
		3BA15ACE1BE865B000B3D78D /* Products */ = {
			isa = PBXGroup;
			children = (
				3BA15ACD1BE865B000B3D78D /* blink.app */,
				3BA15AE11BE865B000B3D78D /* blinkTests.xctest */,
				3BA15AEC1BE865B000B3D78D /* blinkUITests.xctest */,
			);
			name = Products;
			sourceTree = "<group>";
		};
		3BA15ACF1BE865B000B3D78D /* blink */ = {
			isa = PBXGroup;
			children = (
				3BA15AD01BE865B000B3D78D /* AppDelegate.swift */,
				3BA15AD21BE865B000B3D78D /* ViewController.swift */,
				3BA15AD41BE865B000B3D78D /* Main.storyboard */,
				3BA15AD71BE865B000B3D78D /* Assets.xcassets */,
				3BA15AD91BE865B000B3D78D /* LaunchScreen.storyboard */,
				3BA15ADC1BE865B000B3D78D /* Info.plist */,
			);
			path = blink;
			sourceTree = "<group>";
		};
		3BA15AE41BE865B000B3D78D /* blinkTests */ = {
			isa = PBXGroup;
			children = (
				3BA15AE51BE865B000B3D78D /* blinkTests.swift */,
				3BA15AE71BE865B000B3D78D /* Info.plist */,
			);
			path = blinkTests;
			sourceTree = "<group>";
		};
		3BA15AEF1BE865B000B3D78D /* blinkUITests */ = {
			isa = PBXGroup;
			children = (
				3BA15AF01BE865B000B3D78D /* blinkUITests.swift */,
				3BA15AF21BE865B000B3D78D /* Info.plist */,
			);
			path = blinkUITests;
			sourceTree = "<group>";
		};
/* End PBXGroup section */

/* Begin PBXNativeTarget section */
		3BA15ACC1BE865B000B3D78D /* blink */ = {
			isa = PBXNativeTarget;
			buildConfigurationList = 3BA15AF51BE865B000B3D78D /* Build configuration list for PBXNativeTarget "blink" */;
			buildPhases = (
				3BA15AC91BE865B000B3D78D /* Sources */,
				3BA15ACA1BE865B000B3D78D /* Frameworks */,
				3BA15ACB1BE865B000B3D78D /* Resources */,
			);
			buildRules = (
			);
			dependencies = (
			);
			name = blink;
			productName = blink;
			productReference = 3BA15ACD1BE865B000B3D78D /* blink.app */;
			productType = "com.apple.product-type.application";
		};
		3BA15AE01BE865B000B3D78D /* blinkTests */ = {
			isa = PBXNativeTarget;
			buildConfigurationList = 3BA15AF81BE865B000B3D78D /* Build configuration list for PBXNativeTarget "blinkTests" */;
			buildPhases = (
				3BA15ADD1BE865B000B3D78D /* Sources */,
				3BA15ADE1BE865B000B3D78D /* Frameworks */,
				3BA15ADF1BE865B000B3D78D /* Resources */,
			);
			buildRules = (
			);
			dependencies = (
				3BA15AE31BE865B000B3D78D /* PBXTargetDependency */,
			);
			name = blinkTests;
			productName = blinkTests;
			productReference = 3BA15AE11BE865B000B3D78D /* blinkTests.xctest */;
			productType = "com.apple.product-type.bundle.unit-test";
		};
		3BA15AEB1BE865B000B3D78D /* blinkUITests */ = {
			isa = PBXNativeTarget;
			buildConfigurationList = 3BA15AFB1BE865B000B3D78D /* Build configuration list for PBXNativeTarget "blinkUITests" */;
			buildPhases = (
				3BA15AE81BE865B000B3D78D /* Sources */,
				3BA15AE91BE865B000B3D78D /* Frameworks */,
				3BA15AEA1BE865B000B3D78D /* Resources */,
			);
			buildRules = (
			);
			dependencies = (
				3BA15AEE1BE865B000B3D78D /* PBXTargetDependency */,
			);
			name = blinkUITests;
			productName = blinkUITests;
			productReference = 3BA15AEC1BE865B000B3D78D /* blinkUITests.xctest */;
			productType = "com.apple.product-type.bundle.ui-testing";
		};
/* End PBXNativeTarget section */

/* Begin PBXProject section */
		3BA15AC51BE865B000B3D78D /* Project object */ = {
			isa = PBXProject;
			attributes = {
				LastSwiftUpdateCheck = 0710;
				LastUpgradeCheck = 0710;
				ORGANIZATIONNAME = cude;
				TargetAttributes = {
					3BA15ACC1BE865B000B3D78D = {
						CreatedOnToolsVersion = 7.1;
					};
					3BA15AE01BE865B000B3D78D = {
						CreatedOnToolsVersion = 7.1;
						TestTargetID = 3BA15ACC1BE865B000B3D78D;
					};
					3BA15AEB1BE865B000B3D78D = {
						CreatedOnToolsVersion = 7.1;
						TestTargetID = 3BA15ACC1BE865B000B3D78D;
					};
				};
			};
			buildConfigurationList = 3BA15AC81BE865B000B3D78D /* Build configuration list for PBXProject "blink" */;
			compatibilityVersion = "Xcode 3.2";
			developmentRegion = English;
			hasScannedForEncodings = 0;
			knownRegions = (
				en,
				Base,
			);
			mainGroup = 3BA15AC41BE865B000B3D78D;
			productRefGroup = 3BA15ACE1BE865B000B3D78D /* Products */;
			projectDirPath = "";
			projectRoot = "";
			targets = (
				3BA15ACC1BE865B000B3D78D /* blink */,
				3BA15AE01BE865B000B3D78D /* blinkTests */,
				3BA15AEB1BE865B000B3D78D /* blinkUITests */,
			);
		};
/* End PBXProject section */

/* Begin PBXResourcesBuildPhase section */
		3BA15ACB1BE865B000B3D78D /* Resources */ = {
			isa = PBXResourcesBuildPhase;
			buildActionMask = 2147483647;
			files = (
				3BA15ADB1BE865B000B3D78D /* LaunchScreen.storyboard in Resources */,
				3BA15AD81BE865B000B3D78D /* Assets.xcassets in Resources */,
				3BA15AD61BE865B000B3D78D /* Main.storyboard in Resources */,
			);
			runOnlyForDeploymentPostprocessing = 0;
		};
		3BA15ADF1BE865B000B3D78D /* Resources */ = {
			isa = PBXResourcesBuildPhase;
			buildActionMask = 2147483647;
			files = (
			);
			runOnlyForDeploymentPostprocessing = 0;
		};
		3BA15AEA1BE865B000B3D78D /* Resources */ = {
			isa = PBXResourcesBuildPhase;
			buildActionMask = 2147483647;
			files = (
			);
			runOnlyForDeploymentPostprocessing = 0;
		};
/* End PBXResourcesBuildPhase section */

/* Begin PBXSourcesBuildPhase section */
		3BA15AC91BE865B000B3D78D /* Sources */ = {
			isa = PBXSourcesBuildPhase;
			buildActionMask = 2147483647;
			files = (
				3BA15AD31BE865B000B3D78D /* ViewController.swift in Sources */,
				3BA15AD11BE865B000B3D78D /* AppDelegate.swift in Sources */,
			);
			runOnlyForDeploymentPostprocessing = 0;
		};
		3BA15ADD1BE865B000B3D78D /* Sources */ = {
			isa = PBXSourcesBuildPhase;
			buildActionMask = 2147483647;
			files = (
				3BA15AE61BE865B000B3D78D /* blinkTests.swift in Sources */,
			);
			runOnlyForDeploymentPostprocessing = 0;
		};
		3BA15AE81BE865B000B3D78D /* Sources */ = {
			isa = PBXSourcesBuildPhase;
			buildActionMask = 2147483647;
			files = (
				3BA15AF11BE865B000B3D78D /* blinkUITests.swift in Sources */,
			);
			runOnlyForDeploymentPostprocessing = 0;
		};
/* End PBXSourcesBuildPhase section */

/* Begin PBXTargetDependency section */
		3BA15AE31BE865B000B3D78D /* PBXTargetDependency */ = {
			isa = PBXTargetDependency;
			target = 3BA15ACC1BE865B000B3D78D /* blink */;
			targetProxy = 3BA15AE21BE865B000B3D78D /* PBXContainerItemProxy */;
		};
		3BA15AEE1BE865B000B3D78D /* PBXTargetDependency */ = {
			isa = PBXTargetDependency;
			target = 3BA15ACC1BE865B000B3D78D /* blink */;
			targetProxy = 3BA15AED1BE865B000B3D78D /* PBXContainerItemProxy */;
		};
/* End PBXTargetDependency section */

/* Begin PBXVariantGroup section */
		3BA15AD41BE865B000B3D78D /* Main.storyboard */ = {
			isa = PBXVariantGroup;
			children = (
				3BA15AD51BE865B000B3D78D /* Base */,
			);
			name = Main.storyboard;
			sourceTree = "<group>";
		};
		3BA15AD91BE865B000B3D78D /* LaunchScreen.storyboard */ = {
			isa = PBXVariantGroup;
			children = (
				3BA15ADA1BE865B000B3D78D /* Base */,
			);
			name = LaunchScreen.storyboard;
			sourceTree = "<group>";
		};
/* End PBXVariantGroup section */

/* Begin XCBuildConfiguration section */
		3BA15AF31BE865B000B3D78D /* Debug */ = {
			isa = XCBuildConfiguration;
			buildSettings = {
				ALWAYS_SEARCH_USER_PATHS = NO;
				CLANG_CXX_LANGUAGE_STANDARD = "gnu++0x";
				CLANG_CXX_LIBRARY = "libc++";
				CLANG_ENABLE_MODULES = YES;
				CLANG_ENABLE_OBJC_ARC = YES;
				CLANG_WARN_BOOL_CONVERSION = YES;
				CLANG_WARN_CONSTANT_CONVERSION = YES;
				CLANG_WARN_DIRECT_OBJC_ISA_USAGE = YES_ERROR;
				CLANG_WARN_EMPTY_BODY = YES;
				CLANG_WARN_ENUM_CONVERSION = YES;
				CLANG_WARN_INT_CONVERSION = YES;
				CLANG_WARN_OBJC_ROOT_CLASS = YES_ERROR;
				CLANG_WARN_UNREACHABLE_CODE = YES;
				CLANG_WARN__DUPLICATE_METHOD_MATCH = YES;
				"CODE_SIGN_IDENTITY[sdk=iphoneos*]" = "iPhone Developer";
				COPY_PHASE_STRIP = NO;
				DEBUG_INFORMATION_FORMAT = dwarf;
				ENABLE_STRICT_OBJC_MSGSEND = YES;
				ENABLE_TESTABILITY = YES;
				GCC_C_LANGUAGE_STANDARD = gnu99;
				GCC_DYNAMIC_NO_PIC = NO;
				GCC_NO_COMMON_BLOCKS = YES;
				GCC_OPTIMIZATION_LEVEL = 0;
				GCC_PREPROCESSOR_DEFINITIONS = (
					"DEBUG=1",
					"$(inherited)",
				);
				GCC_WARN_64_TO_32_BIT_CONVERSION = YES;
				GCC_WARN_ABOUT_RETURN_TYPE = YES_ERROR;
				GCC_WARN_UNDECLARED_SELECTOR = YES;
				GCC_WARN_UNINITIALIZED_AUTOS = YES_AGGRESSIVE;
				GCC_WARN_UNUSED_FUNCTION = YES;
				GCC_WARN_UNUSED_VARIABLE = YES;
				IPHONEOS_DEPLOYMENT_TARGET = 9.1;
				MTL_ENABLE_DEBUG_INFO = YES;
				ONLY_ACTIVE_ARCH = YES;
				SDKROOT = iphoneos;
				SWIFT_OPTIMIZATION_LEVEL = "-Onone";
				TARGETED_DEVICE_FAMILY = "1,2";
			};
			name = Debug;
		};
		3BA15AF41BE865B000B3D78D /* Release */ = {
			isa = XCBuildConfiguration;
			buildSettings = {
				ALWAYS_SEARCH_USER_PATHS = NO;
				CLANG_CXX_LANGUAGE_STANDARD = "gnu++0x";
				CLANG_CXX_LIBRARY = "libc++";
				CLANG_ENABLE_MODULES = YES;
				CLANG_ENABLE_OBJC_ARC = YES;
				CLANG_WARN_BOOL_CONVERSION = YES;
				CLANG_WARN_CONSTANT_CONVERSION = YES;
				CLANG_WARN_DIRECT_OBJC_ISA_USAGE = YES_ERROR;
				CLANG_WARN_EMPTY_BODY = YES;
				CLANG_WARN_ENUM_CONVERSION = YES;
				CLANG_WARN_INT_CONVERSION = YES;
				CLANG_WARN_OBJC_ROOT_CLASS = YES_ERROR;
				CLANG_WARN_UNREACHABLE_CODE = YES;
				CLANG_WARN__DUPLICATE_METHOD_MATCH = YES;
				"CODE_SIGN_IDENTITY[sdk=iphoneos*]" = "iPhone Developer";
				COPY_PHASE_STRIP = NO;
				DEBUG_INFORMATION_FORMAT = "dwarf-with-dsym";
				ENABLE_NS_ASSERTIONS = NO;
				ENABLE_STRICT_OBJC_MSGSEND = YES;
				GCC_C_LANGUAGE_STANDARD = gnu99;
				GCC_NO_COMMON_BLOCKS = YES;
				GCC_WARN_64_TO_32_BIT_CONVERSION = YES;
				GCC_WARN_ABOUT_RETURN_TYPE = YES_ERROR;
				GCC_WARN_UNDECLARED_SELECTOR = YES;
				GCC_WARN_UNINITIALIZED_AUTOS = YES_AGGRESSIVE;
				GCC_WARN_UNUSED_FUNCTION = YES;
				GCC_WARN_UNUSED_VARIABLE = YES;
				IPHONEOS_DEPLOYMENT_TARGET = 9.1;
				MTL_ENABLE_DEBUG_INFO = NO;
				SDKROOT = iphoneos;
				TARGETED_DEVICE_FAMILY = "1,2";
				VALIDATE_PRODUCT = YES;
			};
			name = Release;
		};
		3BA15AF61BE865B000B3D78D /* Debug */ = {
			isa = XCBuildConfiguration;
			buildSettings = {
				ASSETCATALOG_COMPILER_APPICON_NAME = AppIcon;
				INFOPLIST_FILE = blink/Info.plist;
				LD_RUNPATH_SEARCH_PATHS = "$(inherited) @executable_path/Frameworks";
				PRODUCT_BUNDLE_IDENTIFIER = com.cude.blink;
				PRODUCT_NAME = "$(TARGET_NAME)";
			};
			name = Debug;
		};
		3BA15AF71BE865B000B3D78D /* Release */ = {
			isa = XCBuildConfiguration;
			buildSettings = {
				ASSETCATALOG_COMPILER_APPICON_NAME = AppIcon;
				INFOPLIST_FILE = blink/Info.plist;
				LD_RUNPATH_SEARCH_PATHS = "$(inherited) @executable_path/Frameworks";
				PRODUCT_BUNDLE_IDENTIFIER = com.cude.blink;
				PRODUCT_NAME = "$(TARGET_NAME)";
			};
			name = Release;
		};
		3BA15AF91BE865B000B3D78D /* Debug */ = {
			isa = XCBuildConfiguration;
			buildSettings = {
				BUNDLE_LOADER = "$(TEST_HOST)";
				INFOPLIST_FILE = blinkTests/Info.plist;
				LD_RUNPATH_SEARCH_PATHS = "$(inherited) @executable_path/Frameworks @loader_path/Frameworks";
				PRODUCT_BUNDLE_IDENTIFIER = com.cude.blinkTests;
				PRODUCT_NAME = "$(TARGET_NAME)";
				TEST_HOST = "$(BUILT_PRODUCTS_DIR)/blink.app/blink";
			};
			name = Debug;
		};
		3BA15AFA1BE865B000B3D78D /* Release */ = {
			isa = XCBuildConfiguration;
			buildSettings = {
				BUNDLE_LOADER = "$(TEST_HOST)";
				INFOPLIST_FILE = blinkTests/Info.plist;
				LD_RUNPATH_SEARCH_PATHS = "$(inherited) @executable_path/Frameworks @loader_path/Frameworks";
				PRODUCT_BUNDLE_IDENTIFIER = com.cude.blinkTests;
				PRODUCT_NAME = "$(TARGET_NAME)";
				TEST_HOST = "$(BUILT_PRODUCTS_DIR)/blink.app/blink";
			};
			name = Release;
		};
		3BA15AFC1BE865B000B3D78D /* Debug */ = {
			isa = XCBuildConfiguration;
			buildSettings = {
				INFOPLIST_FILE = blinkUITests/Info.plist;
				LD_RUNPATH_SEARCH_PATHS = "$(inherited) @executable_path/Frameworks @loader_path/Frameworks";
				PRODUCT_BUNDLE_IDENTIFIER = com.cude.blinkUITests;
				PRODUCT_NAME = "$(TARGET_NAME)";
				TEST_TARGET_NAME = blink;
				USES_XCTRUNNER = YES;
			};
			name = Debug;
		};
		3BA15AFD1BE865B000B3D78D /* Release */ = {
			isa = XCBuildConfiguration;
			buildSettings = {
				INFOPLIST_FILE = blinkUITests/Info.plist;
				LD_RUNPATH_SEARCH_PATHS = "$(inherited) @executable_path/Frameworks @loader_path/Frameworks";
				PRODUCT_BUNDLE_IDENTIFIER = com.cude.blinkUITests;
				PRODUCT_NAME = "$(TARGET_NAME)";
				TEST_TARGET_NAME = blink;
				USES_XCTRUNNER = YES;
			};
			name = Release;
		};
/* End XCBuildConfiguration section */

/* Begin XCConfigurationList section */
		3BA15AC81BE865B000B3D78D /* Build configuration list for PBXProject "blink" */ = {
			isa = XCConfigurationList;
			buildConfigurations = (
				3BA15AF31BE865B000B3D78D /* Debug */,
				3BA15AF41BE865B000B3D78D /* Release */,
			);
			defaultConfigurationIsVisible = 0;
			defaultConfigurationName = Release;
		};
		3BA15AF51BE865B000B3D78D /* Build configuration list for PBXNativeTarget "blink" */ = {
			isa = XCConfigurationList;
			buildConfigurations = (
				3BA15AF61BE865B000B3D78D /* Debug */,
				3BA15AF71BE865B000B3D78D /* Release */,
			);
			defaultConfigurationIsVisible = 0;
		};
		3BA15AF81BE865B000B3D78D /* Build configuration list for PBXNativeTarget "blinkTests" */ = {
			isa = XCConfigurationList;
			buildConfigurations = (
				3BA15AF91BE865B000B3D78D /* Debug */,
				3BA15AFA1BE865B000B3D78D /* Release */,
			);
			defaultConfigurationIsVisible = 0;
		};
		3BA15AFB1BE865B000B3D78D /* Build configuration list for PBXNativeTarget "blinkUITests" */ = {
			isa = XCConfigurationList;
			buildConfigurations = (
				3BA15AFC1BE865B000B3D78D /* Debug */,
				3BA15AFD1BE865B000B3D78D /* Release */,
			);
			defaultConfigurationIsVisible = 0;
		};
/* End XCConfigurationList section */
	};
	rootObject = 3BA15AC51BE865B000B3D78D /* Project object */;
}
