// !$*UTF8*$!
{
	archiveVersion = 1;
	classes = {
	};
	objectVersion = 46;
	objects = {

/* Begin PBXBuildFile section */
		3B989E811BE8B9AA008E1B6F /* Song.swift in Sources */ = {isa = PBXBuildFile; fileRef = 3B989E801BE8B9AA008E1B6F /* Song.swift */; };
		3BA15AD11BE865B000B3D78D /* AppDelegate.swift in Sources */ = {isa = PBXBuildFile; fileRef = 3BA15AD01BE865B000B3D78D /* AppDelegate.swift */; };
		3BA15AD31BE865B000B3D78D /* ViewController.swift in Sources */ = {isa = PBXBuildFile; fileRef = 3BA15AD21BE865B000B3D78D /* ViewController.swift */; };
		3BA15AD61BE865B000B3D78D /* Main.storyboard in Resources */ = {isa = PBXBuildFile; fileRef = 3BA15AD41BE865B000B3D78D /* Main.storyboard */; };
		3BA15AD81BE865B000B3D78D /* Assets.xcassets in Resources */ = {isa = PBXBuildFile; fileRef = 3BA15AD71BE865B000B3D78D /* Assets.xcassets */; };
		3BA15ADB1BE865B000B3D78D /* LaunchScreen.storyboard in Resources */ = {isa = PBXBuildFile; fileRef = 3BA15AD91BE865B000B3D78D /* LaunchScreen.storyboard */; };
		3BA15AE61BE865B000B3D78D /* TingTests.swift in Sources */ = {isa = PBXBuildFile; fileRef = 3BA15AE51BE865B000B3D78D /* TingTests.swift */; };
		3BA15AF11BE865B000B3D78D /* TingUITests.swift in Sources */ = {isa = PBXBuildFile; fileRef = 3BA15AF01BE865B000B3D78D /* TingUITests.swift */; };
		3BA15C071BE894E800B3D78D /* player_btn_next_highlight@2x.png in Resources */ = {isa = PBXBuildFile; fileRef = 3BA15BF11BE894E800B3D78D /* player_btn_next_highlight@2x.png */; };
		3BA15C081BE894E800B3D78D /* player_btn_next_normal@2x.png in Resources */ = {isa = PBXBuildFile; fileRef = 3BA15BF21BE894E800B3D78D /* player_btn_next_normal@2x.png */; };
		3BA15C091BE894E800B3D78D /* player_btn_pause_highlight@2x.png in Resources */ = {isa = PBXBuildFile; fileRef = 3BA15BF31BE894E800B3D78D /* player_btn_pause_highlight@2x.png */; };
		3BA15C0A1BE894E800B3D78D /* player_btn_pause_normal@2x.png in Resources */ = {isa = PBXBuildFile; fileRef = 3BA15BF41BE894E800B3D78D /* player_btn_pause_normal@2x.png */; };
		3BA15C0B1BE894E800B3D78D /* player_btn_play_highlight@2x.png in Resources */ = {isa = PBXBuildFile; fileRef = 3BA15BF51BE894E800B3D78D /* player_btn_play_highlight@2x.png */; };
		3BA15C0C1BE894E800B3D78D /* player_btn_play_normal@2x.png in Resources */ = {isa = PBXBuildFile; fileRef = 3BA15BF61BE894E800B3D78D /* player_btn_play_normal@2x.png */; };
		3BA15C1A1BE89EC800B3D78D /* AppIcon29x29.png in Resources */ = {isa = PBXBuildFile; fileRef = 3BA15C111BE89EC800B3D78D /* AppIcon29x29.png */; };
		3BA15C1B1BE89EC800B3D78D /* AppIcon29x29@2x.png in Resources */ = {isa = PBXBuildFile; fileRef = 3BA15C121BE89EC800B3D78D /* AppIcon29x29@2x.png */; };
		3BA15C1C1BE89EC800B3D78D /* AppIcon29x29@3x.png in Resources */ = {isa = PBXBuildFile; fileRef = 3BA15C131BE89EC800B3D78D /* AppIcon29x29@3x.png */; };
		3BA15C1D1BE89EC800B3D78D /* AppIcon40x40@2x.png in Resources */ = {isa = PBXBuildFile; fileRef = 3BA15C141BE89EC800B3D78D /* AppIcon40x40@2x.png */; };
		3BA15C1E1BE89EC800B3D78D /* AppIcon40x40@3x.png in Resources */ = {isa = PBXBuildFile; fileRef = 3BA15C151BE89EC800B3D78D /* AppIcon40x40@3x.png */; };
		3BA15C1F1BE89EC800B3D78D /* AppIcon57x57.png in Resources */ = {isa = PBXBuildFile; fileRef = 3BA15C161BE89EC800B3D78D /* AppIcon57x57.png */; };
		3BA15C201BE89EC800B3D78D /* AppIcon57x57@2x.png in Resources */ = {isa = PBXBuildFile; fileRef = 3BA15C171BE89EC800B3D78D /* AppIcon57x57@2x.png */; };
		3BA15C211BE89EC800B3D78D /* AppIcon60x60@2x.png in Resources */ = {isa = PBXBuildFile; fileRef = 3BA15C181BE89EC800B3D78D /* AppIcon60x60@2x.png */; };
		3BA15C221BE89EC800B3D78D /* AppIcon60x60@3x.png in Resources */ = {isa = PBXBuildFile; fileRef = 3BA15C191BE89EC800B3D78D /* AppIcon60x60@3x.png */; };
		3BA15C241BE89F5900B3D78D /* Images.xcassets in Resources */ = {isa = PBXBuildFile; fileRef = 3BA15C231BE89F5900B3D78D /* Images.xcassets */; };
		3BA15C271BE8A87300B3D78D /* apptheme_default_detail@2x.png in Resources */ = {isa = PBXBuildFile; fileRef = 3BA15C251BE8A87300B3D78D /* apptheme_default_detail@2x.png */; };
		3BA15C2A1BE8B12600B3D78D /* HttpProtocol.swift in Sources */ = {isa = PBXBuildFile; fileRef = 3BA15C291BE8B12600B3D78D /* HttpProtocol.swift */; };
		3BA8C5A91BF97CFB0016998C /* player_slide_bar_normal@2x.png in Resources */ = {isa = PBXBuildFile; fileRef = 3BA8C5A81BF97CFB0016998C /* player_slide_bar_normal@2x.png */; };
		3BB32F601BF09DE7003826C9 /* CircleProgress.swift in Sources */ = {isa = PBXBuildFile; fileRef = 3BB32F5F1BF09DE7003826C9 /* CircleProgress.swift */; };
/* End PBXBuildFile section */

/* Begin PBXContainerItemProxy section */
		3BA15AE21BE865B000B3D78D /* PBXContainerItemProxy */ = {
			isa = PBXContainerItemProxy;
			containerPortal = 3BA15AC51BE865B000B3D78D /* Project object */;
			proxyType = 1;
			remoteGlobalIDString = 3BA15ACC1BE865B000B3D78D;
			remoteInfo = Ting;
		};
		3BA15AED1BE865B000B3D78D /* PBXContainerItemProxy */ = {
			isa = PBXContainerItemProxy;
			containerPortal = 3BA15AC51BE865B000B3D78D /* Project object */;
			proxyType = 1;
			remoteGlobalIDString = 3BA15ACC1BE865B000B3D78D;
			remoteInfo = Ting;
		};
/* End PBXContainerItemProxy section */

/* Begin PBXFileReference section */
		3B989E801BE8B9AA008E1B6F /* Song.swift */ = {isa = PBXFileReference; fileEncoding = 4; lastKnownFileType = sourcecode.swift; path = Song.swift; sourceTree = "<group>"; };
		3BA15ACD1BE865B000B3D78D /* Ting.app */ = {isa = PBXFileReference; explicitFileType = wrapper.application; includeInIndex = 0; path = Ting.app; sourceTree = BUILT_PRODUCTS_DIR; };
		3BA15AD01BE865B000B3D78D /* AppDelegate.swift */ = {isa = PBXFileReference; lastKnownFileType = sourcecode.swift; path = AppDelegate.swift; sourceTree = "<group>"; };
		3BA15AD21BE865B000B3D78D /* ViewController.swift */ = {isa = PBXFileReference; lastKnownFileType = sourcecode.swift; path = ViewController.swift; sourceTree = "<group>"; };
		3BA15AD51BE865B000B3D78D /* Base */ = {isa = PBXFileReference; lastKnownFileType = file.storyboard; name = Base; path = Base.lproj/Main.storyboard; sourceTree = "<group>"; };
		3BA15AD71BE865B000B3D78D /* Assets.xcassets */ = {isa = PBXFileReference; lastKnownFileType = folder.assetcatalog; path = Assets.xcassets; sourceTree = "<group>"; };
		3BA15ADA1BE865B000B3D78D /* Base */ = {isa = PBXFileReference; lastKnownFileType = file.storyboard; name = Base; path = Base.lproj/LaunchScreen.storyboard; sourceTree = "<group>"; };
		3BA15ADC1BE865B000B3D78D /* Info.plist */ = {isa = PBXFileReference; lastKnownFileType = text.plist.xml; path = Info.plist; sourceTree = "<group>"; };
		3BA15AE11BE865B000B3D78D /* Ting.xctest */ = {isa = PBXFileReference; explicitFileType = wrapper.cfbundle; includeInIndex = 0; path = Ting.xctest; sourceTree = BUILT_PRODUCTS_DIR; };
		3BA15AE51BE865B000B3D78D /* TingTests.swift */ = {isa = PBXFileReference; lastKnownFileType = sourcecode.swift; path = TingTests.swift; sourceTree = "<group>"; };
		3BA15AE71BE865B000B3D78D /* Info.plist */ = {isa = PBXFileReference; lastKnownFileType = text.plist.xml; path = Info.plist; sourceTree = "<group>"; };
		3BA15AEC1BE865B000B3D78D /* Ting.xctest */ = {isa = PBXFileReference; explicitFileType = wrapper.cfbundle; includeInIndex = 0; path = Ting.xctest; sourceTree = BUILT_PRODUCTS_DIR; };
		3BA15AF01BE865B000B3D78D /* TingUITests.swift */ = {isa = PBXFileReference; lastKnownFileType = sourcecode.swift; path = TingUITests.swift; sourceTree = "<group>"; };
		3BA15AF21BE865B000B3D78D /* Info.plist */ = {isa = PBXFileReference; lastKnownFileType = text.plist.xml; path = Info.plist; sourceTree = "<group>"; };
		3BA15BF11BE894E800B3D78D /* player_btn_next_highlight@2x.png */ = {isa = PBXFileReference; lastKnownFileType = image.png; path = "player_btn_next_highlight@2x.png"; sourceTree = "<group>"; };
		3BA15BF21BE894E800B3D78D /* player_btn_next_normal@2x.png */ = {isa = PBXFileReference; lastKnownFileType = image.png; path = "player_btn_next_normal@2x.png"; sourceTree = "<group>"; };
		3BA15BF31BE894E800B3D78D /* player_btn_pause_highlight@2x.png */ = {isa = PBXFileReference; lastKnownFileType = image.png; path = "player_btn_pause_highlight@2x.png"; sourceTree = "<group>"; };
		3BA15BF41BE894E800B3D78D /* player_btn_pause_normal@2x.png */ = {isa = PBXFileReference; lastKnownFileType = image.png; path = "player_btn_pause_normal@2x.png"; sourceTree = "<group>"; };
		3BA15BF51BE894E800B3D78D /* player_btn_play_highlight@2x.png */ = {isa = PBXFileReference; lastKnownFileType = image.png; path = "player_btn_play_highlight@2x.png"; sourceTree = "<group>"; };
		3BA15BF61BE894E800B3D78D /* player_btn_play_normal@2x.png */ = {isa = PBXFileReference; lastKnownFileType = image.png; path = "player_btn_play_normal@2x.png"; sourceTree = "<group>"; };
		3BA15C111BE89EC800B3D78D /* AppIcon29x29.png */ = {isa = PBXFileReference; lastKnownFileType = image.png; path = AppIcon29x29.png; sourceTree = "<group>"; };
		3BA15C121BE89EC800B3D78D /* AppIcon29x29@2x.png */ = {isa = PBXFileReference; lastKnownFileType = image.png; path = "AppIcon29x29@2x.png"; sourceTree = "<group>"; };
		3BA15C131BE89EC800B3D78D /* AppIcon29x29@3x.png */ = {isa = PBXFileReference; lastKnownFileType = image.png; path = "AppIcon29x29@3x.png"; sourceTree = "<group>"; };
		3BA15C141BE89EC800B3D78D /* AppIcon40x40@2x.png */ = {isa = PBXFileReference; lastKnownFileType = image.png; path = "AppIcon40x40@2x.png"; sourceTree = "<group>"; };
		3BA15C151BE89EC800B3D78D /* AppIcon40x40@3x.png */ = {isa = PBXFileReference; lastKnownFileType = image.png; path = "AppIcon40x40@3x.png"; sourceTree = "<group>"; };
		3BA15C161BE89EC800B3D78D /* AppIcon57x57.png */ = {isa = PBXFileReference; lastKnownFileType = image.png; path = AppIcon57x57.png; sourceTree = "<group>"; };
		3BA15C171BE89EC800B3D78D /* AppIcon57x57@2x.png */ = {isa = PBXFileReference; lastKnownFileType = image.png; path = "AppIcon57x57@2x.png"; sourceTree = "<group>"; };
		3BA15C181BE89EC800B3D78D /* AppIcon60x60@2x.png */ = {isa = PBXFileReference; lastKnownFileType = image.png; path = "AppIcon60x60@2x.png"; sourceTree = "<group>"; };
		3BA15C191BE89EC800B3D78D /* AppIcon60x60@3x.png */ = {isa = PBXFileReference; lastKnownFileType = image.png; path = "AppIcon60x60@3x.png"; sourceTree = "<group>"; };
		3BA15C231BE89F5900B3D78D /* Images.xcassets */ = {isa = PBXFileReference; lastKnownFileType = folder.assetcatalog; path = Images.xcassets; sourceTree = "<group>"; };
		3BA15C251BE8A87300B3D78D /* apptheme_default_detail@2x.png */ = {isa = PBXFileReference; lastKnownFileType = image.png; path = "apptheme_default_detail@2x.png"; sourceTree = "<group>"; };
		3BA15C291BE8B12600B3D78D /* HttpProtocol.swift */ = {isa = PBXFileReference; fileEncoding = 4; lastKnownFileType = sourcecode.swift; path = HttpProtocol.swift; sourceTree = "<group>"; };
		3BA8C5A81BF97CFB0016998C /* player_slide_bar_normal@2x.png */ = {isa = PBXFileReference; lastKnownFileType = image.png; path = "player_slide_bar_normal@2x.png"; sourceTree = "<group>"; };
		3BB32F5F1BF09DE7003826C9 /* CircleProgress.swift */ = {isa = PBXFileReference; fileEncoding = 4; lastKnownFileType = sourcecode.swift; path = CircleProgress.swift; sourceTree = "<group>"; };
/* End PBXFileReference section */

/* Begin PBXFrameworksBuildPhase section */
		3BA15ACA1BE865B000B3D78D /* Frameworks */ = {
			isa = PBXFrameworksBuildPhase;
			buildActionMask = 2147483647;
			files = (
			);
			runOnlyForDeploymentPostprocessing = 0;
		};
		3BA15ADE1BE865B000B3D78D /* Frameworks */ = {
			isa = PBXFrameworksBuildPhase;
			buildActionMask = 2147483647;
			files = (
			);
			runOnlyForDeploymentPostprocessing = 0;
		};
		3BA15AE91BE865B000B3D78D /* Frameworks */ = {
			isa = PBXFrameworksBuildPhase;
			buildActionMask = 2147483647;
			files = (
			);
			runOnlyForDeploymentPostprocessing = 0;
		};
/* End PBXFrameworksBuildPhase section */

/* Begin PBXGroup section */
		3BA15AC41BE865B000B3D78D = {
			isa = PBXGroup;
			children = (
				3BA15AFE1BE865F400B3D78D /* resources */,
				3BA15ACF1BE865B000B3D78D /* Ting */,
				3BA15AE41BE865B000B3D78D /* TingTests */,
				3BA15AEF1BE865B000B3D78D /* TingUITests */,
				3BA15ACE1BE865B000B3D78D /* Products */,
			);
			sourceTree = "<group>";
		};
		3BA15ACE1BE865B000B3D78D /* Products */ = {
			isa = PBXGroup;
			children = (
				3BA15ACD1BE865B000B3D78D /* Ting.app */,
				3BA15AE11BE865B000B3D78D /* Ting.xctest */,
				3BA15AEC1BE865B000B3D78D /* Ting.xctest */,
			);
			name = Products;
			sourceTree = "<group>";
		};
		3BA15ACF1BE865B000B3D78D /* Ting */ = {
			isa = PBXGroup;
			children = (
				3BB32F5F1BF09DE7003826C9 /* CircleProgress.swift */,
				3BA15AD01BE865B000B3D78D /* AppDelegate.swift */,
				3BA15AD21BE865B000B3D78D /* ViewController.swift */,
				3BA15AD41BE865B000B3D78D /* Main.storyboard */,
				3BA15C291BE8B12600B3D78D /* HttpProtocol.swift */,
				3B989E801BE8B9AA008E1B6F /* Song.swift */,
				3BA15AD71BE865B000B3D78D /* Assets.xcassets */,
				3BA15AD91BE865B000B3D78D /* LaunchScreen.storyboard */,
				3BA15ADC1BE865B000B3D78D /* Info.plist */,
				3BA15C231BE89F5900B3D78D /* Images.xcassets */,
			);
			path = Ting;
			sourceTree = "<group>";
		};
		3BA15AE41BE865B000B3D78D /* TingTests */ = {
			isa = PBXGroup;
			children = (
				3BA15AE51BE865B000B3D78D /* TingTests.swift */,
				3BA15AE71BE865B000B3D78D /* Info.plist */,
			);
			path = TingTests;
			sourceTree = "<group>";
		};
		3BA15AEF1BE865B000B3D78D /* TingUITests */ = {
			isa = PBXGroup;
			children = (
				3BA15AF01BE865B000B3D78D /* TingUITests.swift */,
				3BA15AF21BE865B000B3D78D /* Info.plist */,
			);
			path = TingUITests;
			sourceTree = "<group>";
		};
		3BA15AFE1BE865F400B3D78D /* resources */ = {
			isa = PBXGroup;
			children = (
				3BA8C5A81BF97CFB0016998C /* player_slide_bar_normal@2x.png */,
				3BA15C251BE8A87300B3D78D /* apptheme_default_detail@2x.png */,
				3BA15C111BE89EC800B3D78D /* AppIcon29x29.png */,
				3BA15C121BE89EC800B3D78D /* AppIcon29x29@2x.png */,
				3BA15C131BE89EC800B3D78D /* AppIcon29x29@3x.png */,
				3BA15C141BE89EC800B3D78D /* AppIcon40x40@2x.png */,
				3BA15C151BE89EC800B3D78D /* AppIcon40x40@3x.png */,
				3BA15C161BE89EC800B3D78D /* AppIcon57x57.png */,
				3BA15C171BE89EC800B3D78D /* AppIcon57x57@2x.png */,
				3BA15C181BE89EC800B3D78D /* AppIcon60x60@2x.png */,
				3BA15C191BE89EC800B3D78D /* AppIcon60x60@3x.png */,
				3BA15BF11BE894E800B3D78D /* player_btn_next_highlight@2x.png */,
				3BA15BF21BE894E800B3D78D /* player_btn_next_normal@2x.png */,
				3BA15BF31BE894E800B3D78D /* player_btn_pause_highlight@2x.png */,
				3BA15BF41BE894E800B3D78D /* player_btn_pause_normal@2x.png */,
				3BA15BF51BE894E800B3D78D /* player_btn_play_highlight@2x.png */,
				3BA15BF61BE894E800B3D78D /* player_btn_play_normal@2x.png */,
			);
			path = resources;
			sourceTree = "<group>";
		};
/* End PBXGroup section */

/* Begin PBXNativeTarget section */
		3BA15ACC1BE865B000B3D78D /* Ting */ = {
			isa = PBXNativeTarget;
			buildConfigurationList = 3BA15AF51BE865B000B3D78D /* Build configuration list for PBXNativeTarget "Ting" */;
			buildPhases = (
				3BA15AC91BE865B000B3D78D /* Sources */,
				3BA15ACA1BE865B000B3D78D /* Frameworks */,
				3BA15ACB1BE865B000B3D78D /* Resources */,
			);
			buildRules = (
			);
			dependencies = (
			);
			name = Ting;
			productName = Ting;
			productReference = 3BA15ACD1BE865B000B3D78D /* Ting.app */;
			productType = "com.apple.product-type.application";
		};
		3BA15AE01BE865B000B3D78D /* TingTests */ = {
			isa = PBXNativeTarget;
			buildConfigurationList = 3BA15AF81BE865B000B3D78D /* Build configuration list for PBXNativeTarget "TingTests" */;
			buildPhases = (
				3BA15ADD1BE865B000B3D78D /* Sources */,
				3BA15ADE1BE865B000B3D78D /* Frameworks */,
				3BA15ADF1BE865B000B3D78D /* Resources */,
			);
			buildRules = (
			);
			dependencies = (
				3BA15AE31BE865B000B3D78D /* PBXTargetDependency */,
			);
			name = TingTests;
			productName = TingTests;
			productReference = 3BA15AE11BE865B000B3D78D /* Ting.xctest */;
			productType = "com.apple.product-type.bundle.unit-test";
		};
		3BA15AEB1BE865B000B3D78D /* TingUITests */ = {
			isa = PBXNativeTarget;
			buildConfigurationList = 3BA15AFB1BE865B000B3D78D /* Build configuration list for PBXNativeTarget "TingUITests" */;
			buildPhases = (
				3BA15AE81BE865B000B3D78D /* Sources */,
				3BA15AE91BE865B000B3D78D /* Frameworks */,
				3BA15AEA1BE865B000B3D78D /* Resources */,
			);
			buildRules = (
			);
			dependencies = (
				3BA15AEE1BE865B000B3D78D /* PBXTargetDependency */,
			);
			name = TingUITests;
			productName = TingUITests;
			productReference = 3BA15AEC1BE865B000B3D78D /* Ting.xctest */;
			productType = "com.apple.product-type.bundle.ui-testing";
		};
/* End PBXNativeTarget section */

/* Begin PBXProject section */
		3BA15AC51BE865B000B3D78D /* Project object */ = {
			isa = PBXProject;
			attributes = {
				LastSwiftUpdateCheck = 0710;
				LastUpgradeCheck = 0710;
				ORGANIZATIONNAME = cude;
				TargetAttributes = {
					3BA15ACC1BE865B000B3D78D = {
						CreatedOnToolsVersion = 7.1;
					};
					3BA15AE01BE865B000B3D78D = {
						CreatedOnToolsVersion = 7.1;
						TestTargetID = 3BA15ACC1BE865B000B3D78D;
					};
					3BA15AEB1BE865B000B3D78D = {
						CreatedOnToolsVersion = 7.1;
						TestTargetID = 3BA15ACC1BE865B000B3D78D;
					};
				};
			};
			buildConfigurationList = 3BA15AC81BE865B000B3D78D /* Build configuration list for PBXProject "Ting" */;
			compatibilityVersion = "Xcode 3.2";
			developmentRegion = English;
			hasScannedForEncodings = 0;
			knownRegions = (
				en,
				Base,
			);
			mainGroup = 3BA15AC41BE865B000B3D78D;
			productRefGroup = 3BA15ACE1BE865B000B3D78D /* Products */;
			projectDirPath = "";
			projectRoot = "";
			targets = (
				3BA15ACC1BE865B000B3D78D /* Ting */,
				3BA15AE01BE865B000B3D78D /* TingTests */,
				3BA15AEB1BE865B000B3D78D /* TingUITests */,
			);
		};
/* End PBXProject section */

/* Begin PBXResourcesBuildPhase section */
		3BA15ACB1BE865B000B3D78D /* Resources */ = {
			isa = PBXResourcesBuildPhase;
			buildActionMask = 2147483647;
			files = (
				3BA15C1C1BE89EC800B3D78D /* AppIcon29x29@3x.png in Resources */,
				3BA15C211BE89EC800B3D78D /* AppIcon60x60@2x.png in Resources */,
				3BA15C201BE89EC800B3D78D /* AppIcon57x57@2x.png in Resources */,
				3BA15C0B1BE894E800B3D78D /* player_btn_play_highlight@2x.png in Resources */,
				3BA8C5A91BF97CFB0016998C /* player_slide_bar_normal@2x.png in Resources */,
				3BA15ADB1BE865B000B3D78D /* LaunchScreen.storyboard in Resources */,
				3BA15C091BE894E800B3D78D /* player_btn_pause_highlight@2x.png in Resources */,
				3BA15C071BE894E800B3D78D /* player_btn_next_highlight@2x.png in Resources */,
				3BA15C1F1BE89EC800B3D78D /* AppIcon57x57.png in Resources */,
				3BA15C241BE89F5900B3D78D /* Images.xcassets in Resources */,
				3BA15C081BE894E800B3D78D /* player_btn_next_normal@2x.png in Resources */,
				3BA15C1B1BE89EC800B3D78D /* AppIcon29x29@2x.png in Resources */,
				3BA15AD81BE865B000B3D78D /* Assets.xcassets in Resources */,
				3BA15C221BE89EC800B3D78D /* AppIcon60x60@3x.png in Resources */,
				3BA15C0C1BE894E800B3D78D /* player_btn_play_normal@2x.png in Resources */,
				3BA15C1E1BE89EC800B3D78D /* AppIcon40x40@3x.png in Resources */,
				3BA15C1D1BE89EC800B3D78D /* AppIcon40x40@2x.png in Resources */,
				3BA15AD61BE865B000B3D78D /* Main.storyboard in Resources */,
				3BA15C271BE8A87300B3D78D /* apptheme_default_detail@2x.png in Resources */,
				3BA15C0A1BE894E800B3D78D /* player_btn_pause_normal@2x.png in Resources */,
				3BA15C1A1BE89EC800B3D78D /* AppIcon29x29.png in Resources */,
			);
			runOnlyForDeploymentPostprocessing = 0;
		};
		3BA15ADF1BE865B000B3D78D /* Resources */ = {
			isa = PBXResourcesBuildPhase;
			buildActionMask = 2147483647;
			files = (
			);
			runOnlyForDeploymentPostprocessing = 0;
		};
		3BA15AEA1BE865B000B3D78D /* Resources */ = {
			isa = PBXResourcesBuildPhase;
			buildActionMask = 2147483647;
			files = (
			);
			runOnlyForDeploymentPostprocessing = 0;
		};
/* End PBXResourcesBuildPhase section */

/* Begin PBXSourcesBuildPhase section */
		3BA15AC91BE865B000B3D78D /* Sources */ = {
			isa = PBXSourcesBuildPhase;
			buildActionMask = 2147483647;
			files = (
				3BB32F601BF09DE7003826C9 /* CircleProgress.swift in Sources */,
				3B989E811BE8B9AA008E1B6F /* Song.swift in Sources */,
				3BA15C2A1BE8B12600B3D78D /* HttpProtocol.swift in Sources */,
				3BA15AD31BE865B000B3D78D /* ViewController.swift in Sources */,
				3BA15AD11BE865B000B3D78D /* AppDelegate.swift in Sources */,
			);
			runOnlyForDeploymentPostprocessing = 0;
		};
		3BA15ADD1BE865B000B3D78D /* Sources */ = {
			isa = PBXSourcesBuildPhase;
			buildActionMask = 2147483647;
			files = (
				3BA15AE61BE865B000B3D78D /* TingTests.swift in Sources */,
			);
			runOnlyForDeploymentPostprocessing = 0;
		};
		3BA15AE81BE865B000B3D78D /* Sources */ = {
			isa = PBXSourcesBuildPhase;
			buildActionMask = 2147483647;
			files = (
				3BA15AF11BE865B000B3D78D /* TingUITests.swift in Sources */,
			);
			runOnlyForDeploymentPostprocessing = 0;
		};
/* End PBXSourcesBuildPhase section */

/* Begin PBXTargetDependency section */
		3BA15AE31BE865B000B3D78D /* PBXTargetDependency */ = {
			isa = PBXTargetDependency;
			target = 3BA15ACC1BE865B000B3D78D /* Ting */;
			targetProxy = 3BA15AE21BE865B000B3D78D /* PBXContainerItemProxy */;
		};
		3BA15AEE1BE865B000B3D78D /* PBXTargetDependency */ = {
			isa = PBXTargetDependency;
			target = 3BA15ACC1BE865B000B3D78D /* Ting */;
			targetProxy = 3BA15AED1BE865B000B3D78D /* PBXContainerItemProxy */;
		};
/* End PBXTargetDependency section */

/* Begin PBXVariantGroup section */
		3BA15AD41BE865B000B3D78D /* Main.storyboard */ = {
			isa = PBXVariantGroup;
			children = (
				3BA15AD51BE865B000B3D78D /* Base */,
			);
			name = Main.storyboard;
			sourceTree = "<group>";
		};
		3BA15AD91BE865B000B3D78D /* LaunchScreen.storyboard */ = {
			isa = PBXVariantGroup;
			children = (
				3BA15ADA1BE865B000B3D78D /* Base */,
			);
			name = LaunchScreen.storyboard;
			sourceTree = "<group>";
		};
/* End PBXVariantGroup section */

/* Begin XCBuildConfiguration section */
		3BA15AF31BE865B000B3D78D /* Debug */ = {
			isa = XCBuildConfiguration;
			buildSettings = {
				ALWAYS_SEARCH_USER_PATHS = NO;
				CLANG_CXX_LANGUAGE_STANDARD = "gnu++0x";
				CLANG_CXX_LIBRARY = "libc++";
				CLANG_ENABLE_MODULES = YES;
				CLANG_ENABLE_OBJC_ARC = YES;
				CLANG_WARN_BOOL_CONVERSION = YES;
				CLANG_WARN_CONSTANT_CONVERSION = YES;
				CLANG_WARN_DIRECT_OBJC_ISA_USAGE = YES_ERROR;
				CLANG_WARN_EMPTY_BODY = YES;
				CLANG_WARN_ENUM_CONVERSION = YES;
				CLANG_WARN_INT_CONVERSION = YES;
				CLANG_WARN_OBJC_ROOT_CLASS = YES_ERROR;
				CLANG_WARN_UNREACHABLE_CODE = YES;
				CLANG_WARN__DUPLICATE_METHOD_MATCH = YES;
				"CODE_SIGN_IDENTITY[sdk=iphoneos*]" = "iPhone Developer";
				COPY_PHASE_STRIP = NO;
				DEBUG_INFORMATION_FORMAT = dwarf;
				ENABLE_STRICT_OBJC_MSGSEND = YES;
				ENABLE_TESTABILITY = YES;
				GCC_C_LANGUAGE_STANDARD = gnu99;
				GCC_DYNAMIC_NO_PIC = NO;
				GCC_NO_COMMON_BLOCKS = YES;
				GCC_OPTIMIZATION_LEVEL = 0;
				GCC_PREPROCESSOR_DEFINITIONS = (
					"DEBUG=1",
					"$(inherited)",
				);
				GCC_WARN_64_TO_32_BIT_CONVERSION = YES;
				GCC_WARN_ABOUT_RETURN_TYPE = YES_ERROR;
				GCC_WARN_UNDECLARED_SELECTOR = YES;
				GCC_WARN_UNINITIALIZED_AUTOS = YES_AGGRESSIVE;
				GCC_WARN_UNUSED_FUNCTION = YES;
				GCC_WARN_UNUSED_VARIABLE = YES;
				IPHONEOS_DEPLOYMENT_TARGET = 9.1;
				MTL_ENABLE_DEBUG_INFO = YES;
				ONLY_ACTIVE_ARCH = YES;
				SDKROOT = iphoneos;
				SWIFT_OPTIMIZATION_LEVEL = "-Onone";
				TARGETED_DEVICE_FAMILY = "1,2";
			};
			name = Debug;
		};
		3BA15AF41BE865B000B3D78D /* Release */ = {
			isa = XCBuildConfiguration;
			buildSettings = {
				ALWAYS_SEARCH_USER_PATHS = NO;
				CLANG_CXX_LANGUAGE_STANDARD = "gnu++0x";
				CLANG_CXX_LIBRARY = "libc++";
				CLANG_ENABLE_MODULES = YES;
				CLANG_ENABLE_OBJC_ARC = YES;
				CLANG_WARN_BOOL_CONVERSION = YES;
				CLANG_WARN_CONSTANT_CONVERSION = YES;
				CLANG_WARN_DIRECT_OBJC_ISA_USAGE = YES_ERROR;
				CLANG_WARN_EMPTY_BODY = YES;
				CLANG_WARN_ENUM_CONVERSION = YES;
				CLANG_WARN_INT_CONVERSION = YES;
				CLANG_WARN_OBJC_ROOT_CLASS = YES_ERROR;
				CLANG_WARN_UNREACHABLE_CODE = YES;
				CLANG_WARN__DUPLICATE_METHOD_MATCH = YES;
				"CODE_SIGN_IDENTITY[sdk=iphoneos*]" = "iPhone Developer";
				COPY_PHASE_STRIP = NO;
				DEBUG_INFORMATION_FORMAT = "dwarf-with-dsym";
				ENABLE_NS_ASSERTIONS = NO;
				ENABLE_STRICT_OBJC_MSGSEND = YES;
				GCC_C_LANGUAGE_STANDARD = gnu99;
				GCC_NO_COMMON_BLOCKS = YES;
				GCC_WARN_64_TO_32_BIT_CONVERSION = YES;
				GCC_WARN_ABOUT_RETURN_TYPE = YES_ERROR;
				GCC_WARN_UNDECLARED_SELECTOR = YES;
				GCC_WARN_UNINITIALIZED_AUTOS = YES_AGGRESSIVE;
				GCC_WARN_UNUSED_FUNCTION = YES;
				GCC_WARN_UNUSED_VARIABLE = YES;
				IPHONEOS_DEPLOYMENT_TARGET = 9.1;
				MTL_ENABLE_DEBUG_INFO = NO;
				SDKROOT = iphoneos;
				TARGETED_DEVICE_FAMILY = "1,2";
				VALIDATE_PRODUCT = YES;
			};
			name = Release;
		};
		3BA15AF61BE865B000B3D78D /* Debug */ = {
			isa = XCBuildConfiguration;
			buildSettings = {
				INFOPLIST_FILE = Ting/Info.plist;
				IPHONEOS_DEPLOYMENT_TARGET = 8.0;
				LD_RUNPATH_SEARCH_PATHS = "$(inherited) @executable_path/Frameworks";
				PRODUCT_BUNDLE_IDENTIFIER = com.cude.Ting;
				PRODUCT_NAME = Ting;
			};
			name = Debug;
		};
		3BA15AF71BE865B000B3D78D /* Release */ = {
			isa = XCBuildConfiguration;
			buildSettings = {
				INFOPLIST_FILE = Ting/Info.plist;
				IPHONEOS_DEPLOYMENT_TARGET = 8.0;
				LD_RUNPATH_SEARCH_PATHS = "$(inherited) @executable_path/Frameworks";
				PRODUCT_BUNDLE_IDENTIFIER = com.cude.Ting;
				PRODUCT_NAME = Ting;
			};
			name = Release;
		};
		3BA15AF91BE865B000B3D78D /* Debug */ = {
			isa = XCBuildConfiguration;
			buildSettings = {
				BUNDLE_LOADER = "$(TEST_HOST)";
				INFOPLIST_FILE = TingTests/Info.plist;
				LD_RUNPATH_SEARCH_PATHS = "$(inherited) @executable_path/Frameworks @loader_path/Frameworks";
				PRODUCT_BUNDLE_IDENTIFIER = com.cude.TingTests;
				PRODUCT_NAME = Ting;
				TEST_HOST = "$(BUILT_PRODUCTS_DIR)/Ting.app/Ting";
			};
			name = Debug;
		};
		3BA15AFA1BE865B000B3D78D /* Release */ = {
			isa = XCBuildConfiguration;
			buildSettings = {
				BUNDLE_LOADER = "$(TEST_HOST)";
				INFOPLIST_FILE = TingTests/Info.plist;
				LD_RUNPATH_SEARCH_PATHS = "$(inherited) @executable_path/Frameworks @loader_path/Frameworks";
				PRODUCT_BUNDLE_IDENTIFIER = com.cude.TingTests;
				PRODUCT_NAME = Ting;
				TEST_HOST = "$(BUILT_PRODUCTS_DIR)/Ting.app/Ting";
			};
			name = Release;
		};
		3BA15AFC1BE865B000B3D78D /* Debug */ = {
			isa = XCBuildConfiguration;
			buildSettings = {
				INFOPLIST_FILE = TingUITests/Info.plist;
				LD_RUNPATH_SEARCH_PATHS = "$(inherited) @executable_path/Frameworks @loader_path/Frameworks";
				PRODUCT_BUNDLE_IDENTIFIER = com.cude.TingUITests;
				PRODUCT_NAME = Ting;
				TEST_TARGET_NAME = Ting;
				USES_XCTRUNNER = YES;
			};
			name = Debug;
		};
		3BA15AFD1BE865B000B3D78D /* Release */ = {
			isa = XCBuildConfiguration;
			buildSettings = {
				INFOPLIST_FILE = TingUITests/Info.plist;
				LD_RUNPATH_SEARCH_PATHS = "$(inherited) @executable_path/Frameworks @loader_path/Frameworks";
				PRODUCT_BUNDLE_IDENTIFIER = com.cude.TingUITests;
				PRODUCT_NAME = Ting;
				TEST_TARGET_NAME = Ting;
				USES_XCTRUNNER = YES;
			};
			name = Release;
		};
/* End XCBuildConfiguration section */

/* Begin XCConfigurationList section */
		3BA15AC81BE865B000B3D78D /* Build configuration list for PBXProject "Ting" */ = {
			isa = XCConfigurationList;
			buildConfigurations = (
				3BA15AF31BE865B000B3D78D /* Debug */,
				3BA15AF41BE865B000B3D78D /* Release */,
			);
			defaultConfigurationIsVisible = 0;
			defaultConfigurationName = Release;
		};
		3BA15AF51BE865B000B3D78D /* Build configuration list for PBXNativeTarget "Ting" */ = {
			isa = XCConfigurationList;
			buildConfigurations = (
				3BA15AF61BE865B000B3D78D /* Debug */,
				3BA15AF71BE865B000B3D78D /* Release */,
			);
			defaultConfigurationIsVisible = 0;
			defaultConfigurationName = Release;
		};
		3BA15AF81BE865B000B3D78D /* Build configuration list for PBXNativeTarget "TingTests" */ = {
			isa = XCConfigurationList;
			buildConfigurations = (
				3BA15AF91BE865B000B3D78D /* Debug */,
				3BA15AFA1BE865B000B3D78D /* Release */,
			);
			defaultConfigurationIsVisible = 0;
			defaultConfigurationName = Release;
		};
		3BA15AFB1BE865B000B3D78D /* Build configuration list for PBXNativeTarget "TingUITests" */ = {
			isa = XCConfigurationList;
			buildConfigurations = (
				3BA15AFC1BE865B000B3D78D /* Debug */,
				3BA15AFD1BE865B000B3D78D /* Release */,
			);
			defaultConfigurationIsVisible = 0;
			defaultConfigurationName = Release;
		};
/* End XCConfigurationList section */
	};
	rootObject = 3BA15AC51BE865B000B3D78D /* Project object */;
}
